
Microsoft Visual Studio Solution File, Format Version 12.00
# Visual Studio Version 17
VisualStudioVersion = 17.11.35312.102
MinimumVisualStudioVersion = 10.0.40219.1
Project("{9A19103F-16F7-4668-BE54-9A1E7A4F7556}") = "geographicalObjectsApp", "geographicalObjectsApp\geographicalObjectsApp.csproj", "{2ACB9842-DB0F-4967-B083-CC6715BE3911}"
EndProject
Project("{FAE04EC0-301F-11D3-BF4B-00C04F79EFBC}") = "IGeographicalObjectApp", "IGeographicalObjectApp\IGeographicalObjectApp.csproj", "{6C6ED5AD-B87B-415D-ABC9-03FDDB73027F}"
EndProject
Global
	GlobalSection(SolutionConfigurationPlatforms) = preSolution
		Debug|Any CPU = Debug|Any CPU
		Release|Any CPU = Release|Any CPU
	EndGlobalSection
	GlobalSection(ProjectConfigurationPlatforms) = postSolution
		{2ACB9842-DB0F-4967-B083-CC6715BE3911}.Debug|Any CPU.ActiveCfg = Debug|Any CPU
		{2ACB9842-DB0F-4967-B083-CC6715BE3911}.Debug|Any CPU.Build.0 = Debug|Any CPU
		{2ACB9842-DB0F-4967-B083-CC6715BE3911}.Release|Any CPU.ActiveCfg = Release|Any CPU
		{2ACB9842-DB0F-4967-B083-CC6715BE3911}.Release|Any CPU.Build.0 = Release|Any CPU
		{6C6ED5AD-B87B-415D-ABC9-03FDDB73027F}.Debug|Any CPU.ActiveCfg = Debug|Any CPU
		{6C6ED5AD-B87B-415D-ABC9-03FDDB73027F}.Debug|Any CPU.Build.0 = Debug|Any CPU
		{6C6ED5AD-B87B-415D-ABC9-03FDDB73027F}.Release|Any CPU.ActiveCfg = Release|Any CPU
		{6C6ED5AD-B87B-415D-ABC9-03FDDB73027F}.Release|Any CPU.Build.0 = Release|Any CPU
	EndGlobalSection
	GlobalSection(SolutionProperties) = preSolution
		HideSolutionNode = FALSE
	EndGlobalSection
	GlobalSection(ExtensibilityGlobals) = postSolution
		SolutionGuid = {27834142-4F36-4D07-8C41-D3C4A11DB632}
	EndGlobalSection
EndGlobal
